// !$*UTF8*$!
{
	archiveVersion = 1;
	classes = {
	};
	objectVersion = 77;
	objects = {

/* Begin PBXContainerItemProxy section */
		8940AFC52EF1F78A00F58ABA /* PBXContainerItemProxy */ = {
			isa = PBXContainerItemProxy;
			containerPortal = 8940AFAB2EF1F78700F58ABA /* Project object */;
			proxyType = 1;
			remoteGlobalIDString = 8940AFB22EF1F78700F58ABA;
			remoteInfo = ScreenShotAI;
		};
		8940AFCF2EF1F78A00F58ABA /* PBXContainerItemProxy */ = {
			isa = PBXContainerItemProxy;
			containerPortal = 8940AFAB2EF1F78700F58ABA /* Project object */;
			proxyType = 1;
			remoteGlobalIDString = 8940AFB22EF1F78700F58ABA;
			remoteInfo = ScreenShotAI;
		};
/* End PBXContainerItemProxy section */

/* Begin PBXFileReference section */
		8940AFB32EF1F78700F58ABA /* ScreenShotAI.app */ = {isa = PBXFileReference; explicitFileType = wrapper.application; includeInIndex = 0; path = ScreenShotAI.app; sourceTree = BUILT_PRODUCTS_DIR; };
		8940AFC42EF1F78A00F58ABA /* ScreenShotAITests.xctest */ = {isa = PBXFileReference; explicitFileType = wrapper.cfbundle; includeInIndex = 0; path = ScreenShotAITests.xctest; sourceTree = BUILT_PRODUCTS_DIR; };
		8940AFCE2EF1F78A00F58ABA /* ScreenShotAIUITests.xctest */ = {isa = PBXFileReference; explicitFileType = wrapper.cfbundle; includeInIndex = 0; path = ScreenShotAIUITests.xctest; sourceTree = BUILT_PRODUCTS_DIR; };
/* End PBXFileReference section */

/* Begin PBXFileSystemSynchronizedRootGroup section */
		8940AFB52EF1F78700F58ABA /* ScreenShotAI */ = {
			isa = PBXFileSystemSynchronizedRootGroup;
			path = ScreenShotAI;
			sourceTree = "<group>";
		};
		8940AFC72EF1F78A00F58ABA /* ScreenShotAITests */ = {
			isa = PBXFileSystemSynchronizedRootGroup;
			path = ScreenShotAITests;
			sourceTree = "<group>";
		};
		8940AFD12EF1F78A00F58ABA /* ScreenShotAIUITests */ = {
			isa = PBXFileSystemSynchronizedRootGroup;
			path = ScreenShotAIUITests;
			sourceTree = "<group>";
		};
/* End PBXFileSystemSynchronizedRootGroup section */

/* Begin PBXFrameworksBuildPhase section */
		8940AFB02EF1F78700F58ABA /* Frameworks */ = {
			isa = PBXFrameworksBuildPhase;
			buildActionMask = 2147483647;
			files = (
			);
			runOnlyForDeploymentPostprocessing = 0;
		};
		8940AFC12EF1F78A00F58ABA /* Frameworks */ = {
			isa = PBXFrameworksBuildPhase;
			buildActionMask = 2147483647;
			files = (
			);
			runOnlyForDeploymentPostprocessing = 0;
		};
		8940AFCB2EF1F78A00F58ABA /* Frameworks */ = {
			isa = PBXFrameworksBuildPhase;
			buildActionMask = 2147483647;
			files = (
			);
			runOnlyForDeploymentPostprocessing = 0;
		};
/* End PBXFrameworksBuildPhase section */

/* Begin PBXGroup section */
		8940AFAA2EF1F78700F58ABA = {
			isa = PBXGroup;
			children = (
				8940AFB52EF1F78700F58ABA /* ScreenShotAI */,
				8940AFC72EF1F78A00F58ABA /* ScreenShotAITests */,
				8940AFD12EF1F78A00F58ABA /* ScreenShotAIUITests */,
				8940AFB42EF1F78700F58ABA /* Products */,
			);
			sourceTree = "<group>";
		};
		8940AFB42EF1F78700F58ABA /* Products */ = {
			isa = PBXGroup;
			children = (
				8940AFB32EF1F78700F58ABA /* ScreenShotAI.app */,
				8940AFC42EF1F78A00F58ABA /* ScreenShotAITests.xctest */,
				8940AFCE2EF1F78A00F58ABA /* ScreenShotAIUITests.xctest */,
			);
			name = Products;
			sourceTree = "<group>";
		};
/* End PBXGroup section */

/* Begin PBXNativeTarget section */
		8940AFB22EF1F78700F58ABA /* ScreenShotAI */ = {
			isa = PBXNativeTarget;
			buildConfigurationList = 8940AFD82EF1F78A00F58ABA /* Build configuration list for PBXNativeTarget "ScreenShotAI" */;
			buildPhases = (
				8940AFAF2EF1F78700F58ABA /* Sources */,
				8940AFB02EF1F78700F58ABA /* Frameworks */,
				8940AFB12EF1F78700F58ABA /* Resources */,
			);
			buildRules = (
			);
			dependencies = (
			);
			fileSystemSynchronizedGroups = (
				8940AFB52EF1F78700F58ABA /* ScreenShotAI */,
			);
			name = ScreenShotAI;
			packageProductDependencies = (
			);
			productName = ScreenShotAI;
			productReference = 8940AFB32EF1F78700F58ABA /* ScreenShotAI.app */;
			productType = "com.apple.product-type.application";
		};
		8940AFC32EF1F78A00F58ABA /* ScreenShotAITests */ = {
			isa = PBXNativeTarget;
			buildConfigurationList = 8940AFDB2EF1F78A00F58ABA /* Build configuration list for PBXNativeTarget "ScreenShotAITests" */;
			buildPhases = (
				8940AFC02EF1F78A00F58ABA /* Sources */,
				8940AFC12EF1F78A00F58ABA /* Frameworks */,
				8940AFC22EF1F78A00F58ABA /* Resources */,
			);
			buildRules = (
			);
			dependencies = (
				8940AFC62EF1F78A00F58ABA /* PBXTargetDependency */,
			);
			fileSystemSynchronizedGroups = (
				8940AFC72EF1F78A00F58ABA /* ScreenShotAITests */,
			);
			name = ScreenShotAITests;
			packageProductDependencies = (
			);
			productName = ScreenShotAITests;
			productReference = 8940AFC42EF1F78A00F58ABA /* ScreenShotAITests.xctest */;
			productType = "com.apple.product-type.bundle.unit-test";
		};
		8940AFCD2EF1F78A00F58ABA /* ScreenShotAIUITests */ = {
			isa = PBXNativeTarget;
			buildConfigurationList = 8940AFDE2EF1F78A00F58ABA /* Build configuration list for PBXNativeTarget "ScreenShotAIUITests" */;
			buildPhases = (
				8940AFCA2EF1F78A00F58ABA /* Sources */,
				8940AFCB2EF1F78A00F58ABA /* Frameworks */,
				8940AFCC2EF1F78A00F58ABA /* Resources */,
			);
			buildRules = (
			);
			dependencies = (
				8940AFD02EF1F78A00F58ABA /* PBXTargetDependency */,
			);
			fileSystemSynchronizedGroups = (
				8940AFD12EF1F78A00F58ABA /* ScreenShotAIUITests */,
			);
			name = ScreenShotAIUITests;
			packageProductDependencies = (
			);
			productName = ScreenShotAIUITests;
			productReference = 8940AFCE2EF1F78A00F58ABA /* ScreenShotAIUITests.xctest */;
			productType = "com.apple.product-type.bundle.ui-testing";
		};
/* End PBXNativeTarget section */

/* Begin PBXProject section */
		8940AFAB2EF1F78700F58ABA /* Project object */ = {
			isa = PBXProject;
			attributes = {
				BuildIndependentTargetsInParallel = 1;
				LastSwiftUpdateCheck = 1620;
				LastUpgradeCheck = 1620;
				TargetAttributes = {
					8940AFB22EF1F78700F58ABA = {
						CreatedOnToolsVersion = 16.2;
					};
					8940AFC32EF1F78A00F58ABA = {
						CreatedOnToolsVersion = 16.2;
						TestTargetID = 8940AFB22EF1F78700F58ABA;
					};
					8940AFCD2EF1F78A00F58ABA = {
						CreatedOnToolsVersion = 16.2;
						TestTargetID = 8940AFB22EF1F78700F58ABA;
					};
				};
			};
			buildConfigurationList = 8940AFAE2EF1F78700F58ABA /* Build configuration list for PBXProject "ScreenShotAI" */;
			developmentRegion = en;
			hasScannedForEncodings = 0;
			knownRegions = (
				en,
				Base,
			);
			mainGroup = 8940AFAA2EF1F78700F58ABA;
			minimizedProjectReferenceProxies = 1;
			preferredProjectObjectVersion = 77;
			productRefGroup = 8940AFB42EF1F78700F58ABA /* Products */;
			projectDirPath = "";
			projectRoot = "";
			targets = (
				8940AFB22EF1F78700F58ABA /* ScreenShotAI */,
				8940AFC32EF1F78A00F58ABA /* ScreenShotAITests */,
				8940AFCD2EF1F78A00F58ABA /* ScreenShotAIUITests */,
			);
		};
/* End PBXProject section */

/* Begin PBXResourcesBuildPhase section */
		8940AFB12EF1F78700F58ABA /* Resources */ = {
			isa = PBXResourcesBuildPhase;
			buildActionMask = 2147483647;
			files = (
			);
			runOnlyForDeploymentPostprocessing = 0;
		};
		8940AFC22EF1F78A00F58ABA /* Resources */ = {
			isa = PBXResourcesBuildPhase;
			buildActionMask = 2147483647;
			files = (
			);
			runOnlyForDeploymentPostprocessing = 0;
		};
		8940AFCC2EF1F78A00F58ABA /* Resources */ = {
			isa = PBXResourcesBuildPhase;
			buildActionMask = 2147483647;
			files = (
			);
			runOnlyForDeploymentPostprocessing = 0;
		};
/* End PBXResourcesBuildPhase section */

/* Begin PBXSourcesBuildPhase section */
		8940AFAF2EF1F78700F58ABA /* Sources */ = {
			isa = PBXSourcesBuildPhase;
			buildActionMask = 2147483647;
			files = (
			);
			runOnlyForDeploymentPostprocessing = 0;
		};
		8940AFC02EF1F78A00F58ABA /* Sources */ = {
			isa = PBXSourcesBuildPhase;
			buildActionMask = 2147483647;
			files = (
			);
			runOnlyForDeploymentPostprocessing = 0;
		};
		8940AFCA2EF1F78A00F58ABA /* Sources */ = {
			isa = PBXSourcesBuildPhase;
			buildActionMask = 2147483647;
			files = (
			);
			runOnlyForDeploymentPostprocessing = 0;
		};
/* End PBXSourcesBuildPhase section */

/* Begin PBXTargetDependency section */
		8940AFC62EF1F78A00F58ABA /* PBXTargetDependency */ = {
			isa = PBXTargetDependency;
			target = 8940AFB22EF1F78700F58ABA /* ScreenShotAI */;
			targetProxy = 8940AFC52EF1F78A00F58ABA /* PBXContainerItemProxy */;
		};
		8940AFD02EF1F78A00F58ABA /* PBXTargetDependency */ = {
			isa = PBXTargetDependency;
			target = 8940AFB22EF1F78700F58ABA /* ScreenShotAI */;
			targetProxy = 8940AFCF2EF1F78A00F58ABA /* PBXContainerItemProxy */;
		};
/* End PBXTargetDependency section */

/* Begin XCBuildConfiguration section */
		8940AFD62EF1F78A00F58ABA /* Debug */ = {
			isa = XCBuildConfiguration;
			buildSettings = {
				ALWAYS_SEARCH_USER_PATHS = NO;
				ASSETCATALOG_COMPILER_GENERATE_SWIFT_ASSET_SYMBOL_EXTENSIONS = YES;
				CLANG_ANALYZER_NONNULL = YES;
				CLANG_ANALYZER_NUMBER_OBJECT_CONVERSION = YES_AGGRESSIVE;
				CLANG_CXX_LANGUAGE_STANDARD = "gnu++20";
				CLANG_ENABLE_MODULES = YES;
				CLANG_ENABLE_OBJC_ARC = YES;
				CLANG_ENABLE_OBJC_WEAK = YES;
				CLANG_WARN_BLOCK_CAPTURE_AUTORELEASING = YES;
				CLANG_WARN_BOOL_CONVERSION = YES;
				CLANG_WARN_COMMA = YES;
				CLANG_WARN_CONSTANT_CONVERSION = YES;
				CLANG_WARN_DEPRECATED_OBJC_IMPLEMENTATIONS = YES;
				CLANG_WARN_DIRECT_OBJC_ISA_USAGE = YES_ERROR;
				CLANG_WARN_DOCUMENTATION_COMMENTS = YES;
				CLANG_WARN_EMPTY_BODY = YES;
				CLANG_WARN_ENUM_CONVERSION = YES;
				CLANG_WARN_INFINITE_RECURSION = YES;
				CLANG_WARN_INT_CONVERSION = YES;
				CLANG_WARN_NON_LITERAL_NULL_CONVERSION = YES;
				CLANG_WARN_OBJC_IMPLICIT_RETAIN_SELF = YES;
				CLANG_WARN_OBJC_LITERAL_CONVERSION = YES;
				CLANG_WARN_OBJC_ROOT_CLASS = YES_ERROR;
				CLANG_WARN_QUOTED_INCLUDE_IN_FRAMEWORK_HEADER = YES;
				CLANG_WARN_RANGE_LOOP_ANALYSIS = YES;
				CLANG_WARN_STRICT_PROTOTYPES = YES;
				CLANG_WARN_SUSPICIOUS_MOVE = YES;
				CLANG_WARN_UNGUARDED_AVAILABILITY = YES_AGGRESSIVE;
				CLANG_WARN_UNREACHABLE_CODE = YES;
				CLANG_WARN__DUPLICATE_METHOD_MATCH = YES;
				COPY_PHASE_STRIP = NO;
				DEBUG_INFORMATION_FORMAT = dwarf;
				ENABLE_STRICT_OBJC_MSGSEND = YES;
				ENABLE_TESTABILITY = YES;
				ENABLE_USER_SCRIPT_SANDBOXING = YES;
				GCC_C_LANGUAGE_STANDARD = gnu17;
				GCC_DYNAMIC_NO_PIC = NO;
				GCC_NO_COMMON_BLOCKS = YES;
				GCC_OPTIMIZATION_LEVEL = 0;
				GCC_PREPROCESSOR_DEFINITIONS = (
					"DEBUG=1",
					"$(inherited)",
				);
				GCC_WARN_64_TO_32_BIT_CONVERSION = YES;
				GCC_WARN_ABOUT_RETURN_TYPE = YES_ERROR;
				GCC_WARN_UNDECLARED_SELECTOR = YES;
				GCC_WARN_UNINITIALIZED_AUTOS = YES_AGGRESSIVE;
				GCC_WARN_UNUSED_FUNCTION = YES;
				GCC_WARN_UNUSED_VARIABLE = YES;
				LOCALIZATION_PREFERS_STRING_CATALOGS = YES;
				MACOSX_DEPLOYMENT_TARGET = 14.7;
				MTL_ENABLE_DEBUG_INFO = INCLUDE_SOURCE;
				MTL_FAST_MATH = YES;
				ONLY_ACTIVE_ARCH = YES;
				SDKROOT = macosx;
				SWIFT_ACTIVE_COMPILATION_CONDITIONS = "DEBUG $(inherited)";
				SWIFT_OPTIMIZATION_LEVEL = "-Onone";
			};
			name = Debug;
		};
		8940AFD72EF1F78A00F58ABA /* Release */ = {
			isa = XCBuildConfiguration;
			buildSettings = {
				ALWAYS_SEARCH_USER_PATHS = NO;
				ASSETCATALOG_COMPILER_GENERATE_SWIFT_ASSET_SYMBOL_EXTENSIONS = YES;
				CLANG_ANALYZER_NONNULL = YES;
				CLANG_ANALYZER_NUMBER_OBJECT_CONVERSION = YES_AGGRESSIVE;
				CLANG_CXX_LANGUAGE_STANDARD = "gnu++20";
				CLANG_ENABLE_MODULES = YES;
				CLANG_ENABLE_OBJC_ARC = YES;
				CLANG_ENABLE_OBJC_WEAK = YES;
				CLANG_WARN_BLOCK_CAPTURE_AUTORELEASING = YES;
				CLANG_WARN_BOOL_CONVERSION = YES;
				CLANG_WARN_COMMA = YES;
				CLANG_WARN_CONSTANT_CONVERSION = YES;
				CLANG_WARN_DEPRECATED_OBJC_IMPLEMENTATIONS = YES;
				CLANG_WARN_DIRECT_OBJC_ISA_USAGE = YES_ERROR;
				CLANG_WARN_DOCUMENTATION_COMMENTS = YES;
				CLANG_WARN_EMPTY_BODY = YES;
				CLANG_WARN_ENUM_CONVERSION = YES;
				CLANG_WARN_INFINITE_RECURSION = YES;
				CLANG_WARN_INT_CONVERSION = YES;
				CLANG_WARN_NON_LITERAL_NULL_CONVERSION = YES;
				CLANG_WARN_OBJC_IMPLICIT_RETAIN_SELF = YES;
				CLANG_WARN_OBJC_LITERAL_CONVERSION = YES;
				CLANG_WARN_OBJC_ROOT_CLASS = YES_ERROR;
				CLANG_WARN_QUOTED_INCLUDE_IN_FRAMEWORK_HEADER = YES;
				CLANG_WARN_RANGE_LOOP_ANALYSIS = YES;
				CLANG_WARN_STRICT_PROTOTYPES = YES;
				CLANG_WARN_SUSPICIOUS_MOVE = YES;
				CLANG_WARN_UNGUARDED_AVAILABILITY = YES_AGGRESSIVE;
				CLANG_WARN_UNREACHABLE_CODE = YES;
				CLANG_WARN__DUPLICATE_METHOD_MATCH = YES;
				COPY_PHASE_STRIP = NO;
				DEBUG_INFORMATION_FORMAT = "dwarf-with-dsym";
				ENABLE_NS_ASSERTIONS = NO;
				ENABLE_STRICT_OBJC_MSGSEND = YES;
				ENABLE_USER_SCRIPT_SANDBOXING = YES;
				GCC_C_LANGUAGE_STANDARD = gnu17;
				GCC_NO_COMMON_BLOCKS = YES;
				GCC_WARN_64_TO_32_BIT_CONVERSION = YES;
				GCC_WARN_ABOUT_RETURN_TYPE = YES_ERROR;
				GCC_WARN_UNDECLARED_SELECTOR = YES;
				GCC_WARN_UNINITIALIZED_AUTOS = YES_AGGRESSIVE;
				GCC_WARN_UNUSED_FUNCTION = YES;
				GCC_WARN_UNUSED_VARIABLE = YES;
				LOCALIZATION_PREFERS_STRING_CATALOGS = YES;
				MACOSX_DEPLOYMENT_TARGET = 14.7;
				MTL_ENABLE_DEBUG_INFO = NO;
				MTL_FAST_MATH = YES;
				SDKROOT = macosx;
				SWIFT_COMPILATION_MODE = wholemodule;
			};
			name = Release;
		};
		8940AFD92EF1F78A00F58ABA /* Debug */ = {
			isa = XCBuildConfiguration;
			buildSettings = {
				ASSETCATALOG_COMPILER_APPICON_NAME = AppIcon;
				ASSETCATALOG_COMPILER_GLOBAL_ACCENT_COLOR_NAME = AccentColor;
				CODE_SIGN_ENTITLEMENTS = ScreenShotAI/ScreenShotAI.entitlements;
				CODE_SIGN_STYLE = Automatic;
				COMBINE_HIDPI_IMAGES = YES;
				CURRENT_PROJECT_VERSION = 1;
				DEVELOPMENT_ASSET_PATHS = "\"ScreenShotAI/Preview Content\"";
				DEVELOPMENT_TEAM = A78LL7G3L9;
				ENABLE_HARDENED_RUNTIME = YES;
				ENABLE_PREVIEWS = YES;
				GENERATE_INFOPLIST_FILE = YES;
				INFOPLIST_KEY_NSHumanReadableCopyright = "";
				LD_RUNPATH_SEARCH_PATHS = (
					"$(inherited)",
					"@executable_path/../Frameworks",
				);
				MARKETING_VERSION = 1.0;
				PRODUCT_BUNDLE_IDENTIFIER = anrkuist.ScreenShotAI;
				PRODUCT_NAME = "$(TARGET_NAME)";
				SWIFT_EMIT_LOC_STRINGS = YES;
				SWIFT_VERSION = 5.0;
			};
			name = Debug;
		};
		8940AFDA2EF1F78A00F58ABA /* Release */ = {
			isa = XCBuildConfiguration;
			buildSettings = {
				ASSETCATALOG_COMPILER_APPICON_NAME = AppIcon;
				ASSETCATALOG_COMPILER_GLOBAL_ACCENT_COLOR_NAME = AccentColor;
				CODE_SIGN_ENTITLEMENTS = ScreenShotAI/ScreenShotAI.entitlements;
				CODE_SIGN_STYLE = Automatic;
				COMBINE_HIDPI_IMAGES = YES;
				CURRENT_PROJECT_VERSION = 1;
				DEVELOPMENT_ASSET_PATHS = "\"ScreenShotAI/Preview Content\"";
				DEVELOPMENT_TEAM = A78LL7G3L9;
				ENABLE_HARDENED_RUNTIME = YES;
				ENABLE_PREVIEWS = YES;
				GENERATE_INFOPLIST_FILE = YES;
				INFOPLIST_KEY_NSHumanReadableCopyright = "";
				LD_RUNPATH_SEARCH_PATHS = (
					"$(inherited)",
					"@executable_path/../Frameworks",
				);
				MARKETING_VERSION = 1.0;
				PRODUCT_BUNDLE_IDENTIFIER = anrkuist.ScreenShotAI;
				PRODUCT_NAME = "$(TARGET_NAME)";
				SWIFT_EMIT_LOC_STRINGS = YES;
				SWIFT_VERSION = 5.0;
			};
			name = Release;
		};
		8940AFDC2EF1F78A00F58ABA /* Debug */ = {
			isa = XCBuildConfiguration;
			buildSettings = {
				BUNDLE_LOADER = "$(TEST_HOST)";
				CODE_SIGN_STYLE = Automatic;
				CURRENT_PROJECT_VERSION = 1;
				DEVELOPMENT_TEAM = A78LL7G3L9;
				GENERATE_INFOPLIST_FILE = YES;
				MACOSX_DEPLOYMENT_TARGET = 14.7;
				MARKETING_VERSION = 1.0;
				PRODUCT_BUNDLE_IDENTIFIER = anrkuist.ScreenShotAITests;
				PRODUCT_NAME = "$(TARGET_NAME)";
				SWIFT_EMIT_LOC_STRINGS = NO;
				SWIFT_VERSION = 5.0;
				TEST_HOST = "$(BUILT_PRODUCTS_DIR)/ScreenShotAI.app/$(BUNDLE_EXECUTABLE_FOLDER_PATH)/ScreenShotAI";
			};
			name = Debug;
		};
		8940AFDD2EF1F78A00F58ABA /* Release */ = {
			isa = XCBuildConfiguration;
			buildSettings = {
				BUNDLE_LOADER = "$(TEST_HOST)";
				CODE_SIGN_STYLE = Automatic;
				CURRENT_PROJECT_VERSION = 1;
				DEVELOPMENT_TEAM = A78LL7G3L9;
				GENERATE_INFOPLIST_FILE = YES;
				MACOSX_DEPLOYMENT_TARGET = 14.7;
				MARKETING_VERSION = 1.0;
				PRODUCT_BUNDLE_IDENTIFIER = anrkuist.ScreenShotAITests;
				PRODUCT_NAME = "$(TARGET_NAME)";
				SWIFT_EMIT_LOC_STRINGS = NO;
				SWIFT_VERSION = 5.0;
				TEST_HOST = "$(BUILT_PRODUCTS_DIR)/ScreenShotAI.app/$(BUNDLE_EXECUTABLE_FOLDER_PATH)/ScreenShotAI";
			};
			name = Release;
		};
		8940AFDF2EF1F78A00F58ABA /* Debug */ = {
			isa = XCBuildConfiguration;
			buildSettings = {
				CODE_SIGN_STYLE = Automatic;
				CURRENT_PROJECT_VERSION = 1;
				DEVELOPMENT_TEAM = A78LL7G3L9;
				GENERATE_INFOPLIST_FILE = YES;
				MARKETING_VERSION = 1.0;
				PRODUCT_BUNDLE_IDENTIFIER = anrkuist.ScreenShotAIUITests;
				PRODUCT_NAME = "$(TARGET_NAME)";
				SWIFT_EMIT_LOC_STRINGS = NO;
				SWIFT_VERSION = 5.0;
				TEST_TARGET_NAME = ScreenShotAI;
			};
			name = Debug;
		};
		8940AFE02EF1F78A00F58ABA /* Release */ = {
			isa = XCBuildConfiguration;
			buildSettings = {
				CODE_SIGN_STYLE = Automatic;
				CURRENT_PROJECT_VERSION = 1;
				DEVELOPMENT_TEAM = A78LL7G3L9;
				GENERATE_INFOPLIST_FILE = YES;
				MARKETING_VERSION = 1.0;
				PRODUCT_BUNDLE_IDENTIFIER = anrkuist.ScreenShotAIUITests;
				PRODUCT_NAME = "$(TARGET_NAME)";
				SWIFT_EMIT_LOC_STRINGS = NO;
				SWIFT_VERSION = 5.0;
				TEST_TARGET_NAME = ScreenShotAI;
			};
			name = Release;
		};
/* End XCBuildConfiguration section */

/* Begin XCConfigurationList section */
		8940AFAE2EF1F78700F58ABA /* Build configuration list for PBXProject "ScreenShotAI" */ = {
			isa = XCConfigurationList;
			buildConfigurations = (
				8940AFD62EF1F78A00F58ABA /* Debug */,
				8940AFD72EF1F78A00F58ABA /* Release */,
			);
			defaultConfigurationIsVisible = 0;
			defaultConfigurationName = Release;
		};
		8940AFD82EF1F78A00F58ABA /* Build configuration list for PBXNativeTarget "ScreenShotAI" */ = {
			isa = XCConfigurationList;
			buildConfigurations = (
				8940AFD92EF1F78A00F58ABA /* Debug */,
				8940AFDA2EF1F78A00F58ABA /* Release */,
			);
			defaultConfigurationIsVisible = 0;
			defaultConfigurationName = Release;
		};
		8940AFDB2EF1F78A00F58ABA /* Build configuration list for PBXNativeTarget "ScreenShotAITests" */ = {
			isa = XCConfigurationList;
			buildConfigurations = (
				8940AFDC2EF1F78A00F58ABA /* Debug */,
				8940AFDD2EF1F78A00F58ABA /* Release */,
			);
			defaultConfigurationIsVisible = 0;
			defaultConfigurationName = Release;
		};
		8940AFDE2EF1F78A00F58ABA /* Build configuration list for PBXNativeTarget "ScreenShotAIUITests" */ = {
			isa = XCConfigurationList;
			buildConfigurations = (
				8940AFDF2EF1F78A00F58ABA /* Debug */,
				8940AFE02EF1F78A00F58ABA /* Release */,
			);
			defaultConfigurationIsVisible = 0;
			defaultConfigurationName = Release;
		};
/* End XCConfigurationList section */
	};
	rootObject = 8940AFAB2EF1F78700F58ABA /* Project object */;
}
